
Microsoft Visual Studio Solution File, Format Version 12.00
# Visual Studio Version 17
VisualStudioVersion = 17.5.002.0
MinimumVisualStudioVersion = 10.0.40219.1
Project("{2150E333-8FDC-42A3-9474-1A3956D46DE8}") = "prueba1", "prueba1", "{936C9574-87A3-45AE-AC2B-EED3B0466F87}"
EndProject
Project("{9A19103F-16F7-4668-BE54-9A1E7A4F7556}") = "WebPris", "prueba1\WebPris\WebPris.csproj", "{0F2ED03C-F780-4C30-BC68-275109B847D4}"
EndProject
Global
	GlobalSection(SolutionConfigurationPlatforms) = preSolution
		Debug|Any CPU = Debug|Any CPU
		Release|Any CPU = Release|Any CPU
	EndGlobalSection
	GlobalSection(ProjectConfigurationPlatforms) = postSolution
		{0F2ED03C-F780-4C30-BC68-275109B847D4}.Debug|Any CPU.ActiveCfg = Debug|Any CPU
		{0F2ED03C-F780-4C30-BC68-275109B847D4}.Debug|Any CPU.Build.0 = Debug|Any CPU
		{0F2ED03C-F780-4C30-BC68-275109B847D4}.Release|Any CPU.ActiveCfg = Release|Any CPU
		{0F2ED03C-F780-4C30-BC68-275109B847D4}.Release|Any CPU.Build.0 = Release|Any CPU
	EndGlobalSection
	GlobalSection(SolutionProperties) = preSolution
		HideSolutionNode = FALSE
	EndGlobalSection
	GlobalSection(NestedProjects) = preSolution
		{0F2ED03C-F780-4C30-BC68-275109B847D4} = {936C9574-87A3-45AE-AC2B-EED3B0466F87}
	EndGlobalSection
	GlobalSection(ExtensibilityGlobals) = postSolution
		SolutionGuid = {F17B39A5-79AE-483D-BFF5-AA346DE420BD}
	EndGlobalSection
EndGlobal
